
Microsoft Visual Studio Solution File, Format Version 12.00
# Visual Studio 2012
Project("{FAE04EC0-301F-11D3-BF4B-00C04F79EFBC}") = "ServiceUtils", "ServiceUtils\ServiceUtils.csproj", "{F63C1A2F-7914-435B-858E-4C9B6163FE79}"
EndProject
Project("{FAE04EC0-301F-11D3-BF4B-00C04F79EFBC}") = "TestConsoleApp", "TestConsoleApp\TestConsoleApp.csproj", "{D66230F6-C143-4E44-AF80-C324A6CD24BC}"
EndProject
Project("{FAE04EC0-301F-11D3-BF4B-00C04F79EFBC}") = "RightFaxService", "RightFaxService\RightFaxService.csproj", "{37E9F416-D4E6-4820-AB67-02DFF70D5FB1}"
EndProject
Global
	GlobalSection(SolutionConfigurationPlatforms) = preSolution
		Debug|Any CPU = Debug|Any CPU
		Release|Any CPU = Release|Any CPU
	EndGlobalSection
	GlobalSection(ProjectConfigurationPlatforms) = postSolution
		{F63C1A2F-7914-435B-858E-4C9B6163FE79}.Debug|Any CPU.ActiveCfg = Debug|Any CPU
		{F63C1A2F-7914-435B-858E-4C9B6163FE79}.Debug|Any CPU.Build.0 = Debug|Any CPU
		{F63C1A2F-7914-435B-858E-4C9B6163FE79}.Release|Any CPU.ActiveCfg = Release|Any CPU
		{F63C1A2F-7914-435B-858E-4C9B6163FE79}.Release|Any CPU.Build.0 = Release|Any CPU
		{D66230F6-C143-4E44-AF80-C324A6CD24BC}.Debug|Any CPU.ActiveCfg = Debug|Any CPU
		{D66230F6-C143-4E44-AF80-C324A6CD24BC}.Debug|Any CPU.Build.0 = Debug|Any CPU
		{D66230F6-C143-4E44-AF80-C324A6CD24BC}.Release|Any CPU.ActiveCfg = Release|Any CPU
		{D66230F6-C143-4E44-AF80-C324A6CD24BC}.Release|Any CPU.Build.0 = Release|Any CPU
		{37E9F416-D4E6-4820-AB67-02DFF70D5FB1}.Debug|Any CPU.ActiveCfg = Debug|Any CPU
		{37E9F416-D4E6-4820-AB67-02DFF70D5FB1}.Debug|Any CPU.Build.0 = Debug|Any CPU
		{37E9F416-D4E6-4820-AB67-02DFF70D5FB1}.Release|Any CPU.ActiveCfg = Release|Any CPU
		{37E9F416-D4E6-4820-AB67-02DFF70D5FB1}.Release|Any CPU.Build.0 = Release|Any CPU
	EndGlobalSection
	GlobalSection(SolutionProperties) = preSolution
		HideSolutionNode = FALSE
	EndGlobalSection
EndGlobal
